
Microsoft Visual Studio Solution File, Format Version 12.00
# Visual Studio Version 17
VisualStudioVersion = 17.0.31903.59
MinimumVisualStudioVersion = 10.0.40219.1
Project("{FAE04EC0-301F-11D3-BF4B-00C04F79EFBC}") = "UsingNaredba", "UsingNaredba.csproj", "{28B869B0-1C9E-41F1-BFEC-B60624F291FE}"
EndProject
Global
	GlobalSection(SolutionConfigurationPlatforms) = preSolution
		Debug|Any CPU = Debug|Any CPU
		Release|Any CPU = Release|Any CPU
	EndGlobalSection
	GlobalSection(ProjectConfigurationPlatforms) = postSolution
		{28B869B0-1C9E-41F1-BFEC-B60624F291FE}.Debug|Any CPU.ActiveCfg = Debug|Any CPU
		{28B869B0-1C9E-41F1-BFEC-B60624F291FE}.Debug|Any CPU.Build.0 = Debug|Any CPU
		{28B869B0-1C9E-41F1-BFEC-B60624F291FE}.Release|Any CPU.ActiveCfg = Release|Any CPU
		{28B869B0-1C9E-41F1-BFEC-B60624F291FE}.Release|Any CPU.Build.0 = Release|Any CPU
	EndGlobalSection
	GlobalSection(SolutionProperties) = preSolution
		HideSolutionNode = FALSE
	EndGlobalSection
	GlobalSection(ExtensibilityGlobals) = postSolution
		SolutionGuid = {4AE1581D-FC12-4544-BC49-8B9E47A9C1BB}
	EndGlobalSection
EndGlobal
